
Microsoft Visual Studio Solution File, Format Version 12.00
# Visual Studio Version 17
VisualStudioVersion = 17.8.34330.188
MinimumVisualStudioVersion = 10.0.40219.1
Project("{FAE04EC0-301F-11D3-BF4B-00C04F79EFBC}") = "ForecastApp", "ForecastApp\ForecastApp.csproj", "{E280BE64-E86F-433B-90EC-B5DA7FEB3D3A}"
EndProject
Project("{FAE04EC0-301F-11D3-BF4B-00C04F79EFBC}") = "ForecastTests", "ForecastTests\ForecastTests.csproj", "{0143580B-F46C-4A8D-A58D-AF300484D9AF}"
EndProject
Global
	GlobalSection(SolutionConfigurationPlatforms) = preSolution
		Debug|Any CPU = Debug|Any CPU
		Release|Any CPU = Release|Any CPU
	EndGlobalSection
	GlobalSection(ProjectConfigurationPlatforms) = postSolution
		{E280BE64-E86F-433B-90EC-B5DA7FEB3D3A}.Debug|Any CPU.ActiveCfg = Debug|Any CPU
		{E280BE64-E86F-433B-90EC-B5DA7FEB3D3A}.Debug|Any CPU.Build.0 = Debug|Any CPU
		{E280BE64-E86F-433B-90EC-B5DA7FEB3D3A}.Release|Any CPU.ActiveCfg = Release|Any CPU
		{E280BE64-E86F-433B-90EC-B5DA7FEB3D3A}.Release|Any CPU.Build.0 = Release|Any CPU
		{0143580B-F46C-4A8D-A58D-AF300484D9AF}.Debug|Any CPU.ActiveCfg = Debug|Any CPU
		{0143580B-F46C-4A8D-A58D-AF300484D9AF}.Debug|Any CPU.Build.0 = Debug|Any CPU
		{0143580B-F46C-4A8D-A58D-AF300484D9AF}.Release|Any CPU.ActiveCfg = Release|Any CPU
		{0143580B-F46C-4A8D-A58D-AF300484D9AF}.Release|Any CPU.Build.0 = Release|Any CPU
	EndGlobalSection
	GlobalSection(SolutionProperties) = preSolution
		HideSolutionNode = FALSE
	EndGlobalSection
	GlobalSection(ExtensibilityGlobals) = postSolution
		SolutionGuid = {DF6219E1-6D42-4ED1-9E75-7714816B66F9}
	EndGlobalSection
EndGlobal
